
Microsoft Visual Studio Solution File, Format Version 12.00
# Visual Studio Version 17
VisualStudioVersion = 17.14.36109.1 d17.14
MinimumVisualStudioVersion = 10.0.40219.1
Project("{FAE04EC0-301F-11D3-BF4B-00C04F79EFBC}") = "LaFiseApi.", "..\LaFiseApi\LaFiseApi\LaFiseApi..csproj", "{53DF8B21-A4E0-40D2-8402-7A65F3340F87}"
EndProject
Global
	GlobalSection(SolutionConfigurationPlatforms) = preSolution
		Debug|Any CPU = Debug|Any CPU
		Release|Any CPU = Release|Any CPU
	EndGlobalSection
	GlobalSection(ProjectConfigurationPlatforms) = postSolution
		{53DF8B21-A4E0-40D2-8402-7A65F3340F87}.Debug|Any CPU.ActiveCfg = Debug|Any CPU
		{53DF8B21-A4E0-40D2-8402-7A65F3340F87}.Debug|Any CPU.Build.0 = Debug|Any CPU
		{53DF8B21-A4E0-40D2-8402-7A65F3340F87}.Release|Any CPU.ActiveCfg = Release|Any CPU
		{53DF8B21-A4E0-40D2-8402-7A65F3340F87}.Release|Any CPU.Build.0 = Release|Any CPU
	EndGlobalSection
	GlobalSection(SolutionProperties) = preSolution
		HideSolutionNode = FALSE
	EndGlobalSection
	GlobalSection(ExtensibilityGlobals) = postSolution
		SolutionGuid = {ACFC28A7-F0E8-47A3-80DB-D78DE57A8382}
	EndGlobalSection
EndGlobal
